
Microsoft Visual Studio Solution File, Format Version 12.00
# Visual Studio Version 17
VisualStudioVersion = 17.13.35919.96
MinimumVisualStudioVersion = 10.0.40219.1
Project("{F184B08F-C81C-45F6-A57F-5ABD9991F28F}") = "VSTO_Excel_WebView2", "VSTO_Excel_WebView2.vbproj", "{8F9F37E2-C059-4DF0-AF7E-E2625E32A4EF}"
EndProject
Project("{2150E333-8FDC-42A3-9474-1A3956D46DE8}") = "Solution Items", "Solution Items", "{02EA681E-C7D8-13C7-8484-4AC65E1B71E8}"
	ProjectSection(SolutionItems) = preProject
		.editorconfig = .editorconfig
	EndProjectSection
EndProject
Global
	GlobalSection(SolutionConfigurationPlatforms) = preSolution
		Debug|Any CPU = Debug|Any CPU
		Release|Any CPU = Release|Any CPU
	EndGlobalSection
	GlobalSection(ProjectConfigurationPlatforms) = postSolution
		{8F9F37E2-C059-4DF0-AF7E-E2625E32A4EF}.Debug|Any CPU.ActiveCfg = Debug|Any CPU
		{8F9F37E2-C059-4DF0-AF7E-E2625E32A4EF}.Debug|Any CPU.Build.0 = Debug|Any CPU
		{8F9F37E2-C059-4DF0-AF7E-E2625E32A4EF}.Release|Any CPU.ActiveCfg = Release|Any CPU
		{8F9F37E2-C059-4DF0-AF7E-E2625E32A4EF}.Release|Any CPU.Build.0 = Release|Any CPU
	EndGlobalSection
	GlobalSection(SolutionProperties) = preSolution
		HideSolutionNode = FALSE
	EndGlobalSection
	GlobalSection(ExtensibilityGlobals) = postSolution
		SolutionGuid = {65D02621-9DE7-43BB-BC15-E0EB9EA8D752}
	EndGlobalSection
EndGlobal
